
Microsoft Visual Studio Solution File, Format Version 12.00
# Visual Studio 15
VisualStudioVersion = 15.0.28010.2041
MinimumVisualStudioVersion = 10.0.40219.1
Project("{9A19103F-16F7-4668-BE54-9A1E7A4F7556}") = "PruebaHangFire", "PruebaHangFire\PruebaHangFire.csproj", "{F3007ADC-482A-41D0-ABE7-38A3099BE977}"
EndProject
Project("{9A19103F-16F7-4668-BE54-9A1E7A4F7556}") = "ProyectoPruebaHangFire", "ProyectoPruebaHangFire\ProyectoPruebaHangFire.csproj", "{859698F2-57D1-451C-84F6-489512B1EC8B}"
EndProject
Project("{FAE04EC0-301F-11D3-BF4B-00C04F79EFBC}") = "ServicioPrueba", "ServicioPrueba\ServicioPrueba.csproj", "{2CBD2DE1-65D3-4D73-93E0-355C77C8D918}"
EndProject
Project("{FAE04EC0-301F-11D3-BF4B-00C04F79EFBC}") = "AppSubscribe", "AppSubscribe\AppSubscribe.csproj", "{BC336696-90D8-4E01-87CD-965AF14158FA}"
EndProject
Project("{FAE04EC0-301F-11D3-BF4B-00C04F79EFBC}") = "ClasesGenericas", "ClasesGenericas\ClasesGenericas.csproj", "{F5C4F3B7-A1D0-4F23-9BB8-23422343B2E8}"
EndProject
Global
	GlobalSection(SolutionConfigurationPlatforms) = preSolution
		Debug|Any CPU = Debug|Any CPU
		Release|Any CPU = Release|Any CPU
	EndGlobalSection
	GlobalSection(ProjectConfigurationPlatforms) = postSolution
		{F3007ADC-482A-41D0-ABE7-38A3099BE977}.Debug|Any CPU.ActiveCfg = Debug|Any CPU
		{F3007ADC-482A-41D0-ABE7-38A3099BE977}.Debug|Any CPU.Build.0 = Debug|Any CPU
		{F3007ADC-482A-41D0-ABE7-38A3099BE977}.Release|Any CPU.ActiveCfg = Release|Any CPU
		{F3007ADC-482A-41D0-ABE7-38A3099BE977}.Release|Any CPU.Build.0 = Release|Any CPU
		{859698F2-57D1-451C-84F6-489512B1EC8B}.Debug|Any CPU.ActiveCfg = Debug|Any CPU
		{859698F2-57D1-451C-84F6-489512B1EC8B}.Debug|Any CPU.Build.0 = Debug|Any CPU
		{859698F2-57D1-451C-84F6-489512B1EC8B}.Release|Any CPU.ActiveCfg = Release|Any CPU
		{859698F2-57D1-451C-84F6-489512B1EC8B}.Release|Any CPU.Build.0 = Release|Any CPU
		{2CBD2DE1-65D3-4D73-93E0-355C77C8D918}.Debug|Any CPU.ActiveCfg = Debug|Any CPU
		{2CBD2DE1-65D3-4D73-93E0-355C77C8D918}.Debug|Any CPU.Build.0 = Debug|Any CPU
		{2CBD2DE1-65D3-4D73-93E0-355C77C8D918}.Release|Any CPU.ActiveCfg = Release|Any CPU
		{2CBD2DE1-65D3-4D73-93E0-355C77C8D918}.Release|Any CPU.Build.0 = Release|Any CPU
		{BC336696-90D8-4E01-87CD-965AF14158FA}.Debug|Any CPU.ActiveCfg = Debug|Any CPU
		{BC336696-90D8-4E01-87CD-965AF14158FA}.Debug|Any CPU.Build.0 = Debug|Any CPU
		{BC336696-90D8-4E01-87CD-965AF14158FA}.Release|Any CPU.ActiveCfg = Release|Any CPU
		{BC336696-90D8-4E01-87CD-965AF14158FA}.Release|Any CPU.Build.0 = Release|Any CPU
		{F5C4F3B7-A1D0-4F23-9BB8-23422343B2E8}.Debug|Any CPU.ActiveCfg = Debug|Any CPU
		{F5C4F3B7-A1D0-4F23-9BB8-23422343B2E8}.Debug|Any CPU.Build.0 = Debug|Any CPU
		{F5C4F3B7-A1D0-4F23-9BB8-23422343B2E8}.Release|Any CPU.ActiveCfg = Release|Any CPU
		{F5C4F3B7-A1D0-4F23-9BB8-23422343B2E8}.Release|Any CPU.Build.0 = Release|Any CPU
	EndGlobalSection
	GlobalSection(SolutionProperties) = preSolution
		HideSolutionNode = FALSE
	EndGlobalSection
	GlobalSection(ExtensibilityGlobals) = postSolution
		SolutionGuid = {5FB3E2D2-8E55-47BC-989D-59CCE384A041}
	EndGlobalSection
EndGlobal
